
Microsoft Visual Studio Solution File, Format Version 12.00
# Visual Studio Version 17
VisualStudioVersion = 17.14.36429.23 d17.14
MinimumVisualStudioVersion = 10.0.40219.1
Project("{FAE04EC0-301F-11D3-BF4B-00C04F79EFBC}") = "Witcher game homework", "Witcher game homework\Witcher game homework.csproj", "{F48852A8-2629-4037-B08C-84683E8E4324}"
EndProject
Global
	GlobalSection(SolutionConfigurationPlatforms) = preSolution
		Debug|Any CPU = Debug|Any CPU
		Release|Any CPU = Release|Any CPU
	EndGlobalSection
	GlobalSection(ProjectConfigurationPlatforms) = postSolution
		{F48852A8-2629-4037-B08C-84683E8E4324}.Debug|Any CPU.ActiveCfg = Debug|Any CPU
		{F48852A8-2629-4037-B08C-84683E8E4324}.Debug|Any CPU.Build.0 = Debug|Any CPU
		{F48852A8-2629-4037-B08C-84683E8E4324}.Release|Any CPU.ActiveCfg = Release|Any CPU
		{F48852A8-2629-4037-B08C-84683E8E4324}.Release|Any CPU.Build.0 = Release|Any CPU
	EndGlobalSection
	GlobalSection(SolutionProperties) = preSolution
		HideSolutionNode = FALSE
	EndGlobalSection
	GlobalSection(ExtensibilityGlobals) = postSolution
		SolutionGuid = {1AE4D685-F1AF-4AF5-A961-A63CFA4A46BD}
	EndGlobalSection
EndGlobal
